// !$*UTF8*$!
{
	archiveVersion = 1;
	classes = {
	};
	objectVersion = 56;
	objects = {

/* Begin PBXBuildFile section */
		6876705C2A7674AA0074385B /* DailyDoApp.swift in Sources */ = {isa = PBXBuildFile; fileRef = 6876705B2A7674AA0074385B /* DailyDoApp.swift */; };
		6876705E2A7674AA0074385B /* ContentView.swift in Sources */ = {isa = PBXBuildFile; fileRef = 6876705D2A7674AA0074385B /* ContentView.swift */; };
		687670602A7674AE0074385B /* Assets.xcassets in Resources */ = {isa = PBXBuildFile; fileRef = 6876705F2A7674AE0074385B /* Assets.xcassets */; };
		687670632A7674AE0074385B /* Preview Assets.xcassets in Resources */ = {isa = PBXBuildFile; fileRef = 687670622A7674AE0074385B /* Preview Assets.xcassets */; };
		68C3E7092A85958D0088BF5E /* AddButton.swift in Sources */ = {isa = PBXBuildFile; fileRef = 68C3E7082A85958D0088BF5E /* AddButton.swift */; };
		68C429982A89207300D657A8 /* Model.xcdatamodeld in Sources */ = {isa = PBXBuildFile; fileRef = 68C429962A89207300D657A8 /* Model.xcdatamodeld */; };
		68C4299B2A89218500D657A8 /* DoItem+CoreDataClass.swift in Sources */ = {isa = PBXBuildFile; fileRef = 68C429992A89218500D657A8 /* DoItem+CoreDataClass.swift */; };
		68C4299C2A89218500D657A8 /* DoItem+CoreDataProperties.swift in Sources */ = {isa = PBXBuildFile; fileRef = 68C4299A2A89218500D657A8 /* DoItem+CoreDataProperties.swift */; };
		68C4299E2A89282000D657A8 /* DoSheet.swift in Sources */ = {isa = PBXBuildFile; fileRef = 68C4299D2A89282000D657A8 /* DoSheet.swift */; };
/* End PBXBuildFile section */

/* Begin PBXFileReference section */
		687670582A7674AA0074385B /* DailyDo.app */ = {isa = PBXFileReference; explicitFileType = wrapper.application; includeInIndex = 0; path = DailyDo.app; sourceTree = BUILT_PRODUCTS_DIR; };
		6876705B2A7674AA0074385B /* DailyDoApp.swift */ = {isa = PBXFileReference; lastKnownFileType = sourcecode.swift; path = DailyDoApp.swift; sourceTree = "<group>"; };
		6876705D2A7674AA0074385B /* ContentView.swift */ = {isa = PBXFileReference; lastKnownFileType = sourcecode.swift; path = ContentView.swift; sourceTree = "<group>"; };
		6876705F2A7674AE0074385B /* Assets.xcassets */ = {isa = PBXFileReference; lastKnownFileType = folder.assetcatalog; path = Assets.xcassets; sourceTree = "<group>"; };
		687670622A7674AE0074385B /* Preview Assets.xcassets */ = {isa = PBXFileReference; lastKnownFileType = folder.assetcatalog; path = "Preview Assets.xcassets"; sourceTree = "<group>"; };
		68C3E7082A85958D0088BF5E /* AddButton.swift */ = {isa = PBXFileReference; lastKnownFileType = sourcecode.swift; path = AddButton.swift; sourceTree = "<group>"; };
		68C429972A89207300D657A8 /* Model.xcdatamodel */ = {isa = PBXFileReference; lastKnownFileType = wrapper.xcdatamodel; path = Model.xcdatamodel; sourceTree = "<group>"; };
		68C429992A89218500D657A8 /* DoItem+CoreDataClass.swift */ = {isa = PBXFileReference; lastKnownFileType = sourcecode.swift; path = "DoItem+CoreDataClass.swift"; sourceTree = "<group>"; };
		68C4299A2A89218500D657A8 /* DoItem+CoreDataProperties.swift */ = {isa = PBXFileReference; lastKnownFileType = sourcecode.swift; path = "DoItem+CoreDataProperties.swift"; sourceTree = "<group>"; };
		68C4299D2A89282000D657A8 /* DoSheet.swift */ = {isa = PBXFileReference; lastKnownFileType = sourcecode.swift; path = DoSheet.swift; sourceTree = "<group>"; };
/* End PBXFileReference section */

/* Begin PBXFrameworksBuildPhase section */
		687670552A7674AA0074385B /* Frameworks */ = {
			isa = PBXFrameworksBuildPhase;
			buildActionMask = 2147483647;
			files = (
			);
			runOnlyForDeploymentPostprocessing = 0;
		};
/* End PBXFrameworksBuildPhase section */

/* Begin PBXGroup section */
		6876704F2A7674AA0074385B = {
			isa = PBXGroup;
			children = (
				68C429992A89218500D657A8 /* DoItem+CoreDataClass.swift */,
				68C4299A2A89218500D657A8 /* DoItem+CoreDataProperties.swift */,
				6876705A2A7674AA0074385B /* DailyDo */,
				687670592A7674AA0074385B /* Products */,
			);
			sourceTree = "<group>";
		};
		687670592A7674AA0074385B /* Products */ = {
			isa = PBXGroup;
			children = (
				687670582A7674AA0074385B /* DailyDo.app */,
			);
			name = Products;
			sourceTree = "<group>";
		};
		6876705A2A7674AA0074385B /* DailyDo */ = {
			isa = PBXGroup;
			children = (
				6876705B2A7674AA0074385B /* DailyDoApp.swift */,
				6876705D2A7674AA0074385B /* ContentView.swift */,
				68C4299D2A89282000D657A8 /* DoSheet.swift */,
				68C3E7082A85958D0088BF5E /* AddButton.swift */,
				68C429962A89207300D657A8 /* Model.xcdatamodeld */,
				6876705F2A7674AE0074385B /* Assets.xcassets */,
				687670612A7674AE0074385B /* Preview Content */,
			);
			path = DailyDo;
			sourceTree = "<group>";
		};
		687670612A7674AE0074385B /* Preview Content */ = {
			isa = PBXGroup;
			children = (
				687670622A7674AE0074385B /* Preview Assets.xcassets */,
			);
			path = "Preview Content";
			sourceTree = "<group>";
		};
/* End PBXGroup section */

/* Begin PBXNativeTarget section */
		687670572A7674AA0074385B /* DailyDo */ = {
			isa = PBXNativeTarget;
			buildConfigurationList = 687670662A7674AE0074385B /* Build configuration list for PBXNativeTarget "DailyDo" */;
			buildPhases = (
				687670542A7674AA0074385B /* Sources */,
				687670552A7674AA0074385B /* Frameworks */,
				687670562A7674AA0074385B /* Resources */,
			);
			buildRules = (
			);
			dependencies = (
			);
			name = DailyDo;
			productName = DailyDo;
			productReference = 687670582A7674AA0074385B /* DailyDo.app */;
			productType = "com.apple.product-type.application";
		};
/* End PBXNativeTarget section */

/* Begin PBXProject section */
		687670502A7674AA0074385B /* Project object */ = {
			isa = PBXProject;
			attributes = {
				BuildIndependentTargetsInParallel = 1;
				LastSwiftUpdateCheck = 1500;
				LastUpgradeCheck = 1500;
				TargetAttributes = {
					687670572A7674AA0074385B = {
						CreatedOnToolsVersion = 15.0;
					};
				};
			};
			buildConfigurationList = 687670532A7674AA0074385B /* Build configuration list for PBXProject "DailyDo" */;
			compatibilityVersion = "Xcode 14.0";
			developmentRegion = en;
			hasScannedForEncodings = 0;
			knownRegions = (
				en,
				Base,
			);
			mainGroup = 6876704F2A7674AA0074385B;
			productRefGroup = 687670592A7674AA0074385B /* Products */;
			projectDirPath = "";
			projectRoot = "";
			targets = (
				687670572A7674AA0074385B /* DailyDo */,
			);
		};
/* End PBXProject section */

/* Begin PBXResourcesBuildPhase section */
		687670562A7674AA0074385B /* Resources */ = {
			isa = PBXResourcesBuildPhase;
			buildActionMask = 2147483647;
			files = (
				687670632A7674AE0074385B /* Preview Assets.xcassets in Resources */,
				687670602A7674AE0074385B /* Assets.xcassets in Resources */,
			);
			runOnlyForDeploymentPostprocessing = 0;
		};
/* End PBXResourcesBuildPhase section */

/* Begin PBXSourcesBuildPhase section */
		687670542A7674AA0074385B /* Sources */ = {
			isa = PBXSourcesBuildPhase;
			buildActionMask = 2147483647;
			files = (
				6876705E2A7674AA0074385B /* ContentView.swift in Sources */,
				6876705C2A7674AA0074385B /* DailyDoApp.swift in Sources */,
				68C429982A89207300D657A8 /* Model.xcdatamodeld in Sources */,
				68C4299E2A89282000D657A8 /* DoSheet.swift in Sources */,
				68C3E7092A85958D0088BF5E /* AddButton.swift in Sources */,
				68C4299C2A89218500D657A8 /* DoItem+CoreDataProperties.swift in Sources */,
				68C4299B2A89218500D657A8 /* DoItem+CoreDataClass.swift in Sources */,
			);
			runOnlyForDeploymentPostprocessing = 0;
		};
/* End PBXSourcesBuildPhase section */

/* Begin XCBuildConfiguration section */
		687670642A7674AE0074385B /* Debug */ = {
			isa = XCBuildConfiguration;
			buildSettings = {
				ALWAYS_SEARCH_USER_PATHS = NO;
				ASSETCATALOG_COMPILER_GENERATE_SWIFT_ASSET_SYMBOL_EXTENSIONS = YES;
				CLANG_ANALYZER_NONNULL = YES;
				CLANG_ANALYZER_NUMBER_OBJECT_CONVERSION = YES_AGGRESSIVE;
				CLANG_CXX_LANGUAGE_STANDARD = "gnu++20";
				CLANG_ENABLE_MODULES = YES;
				CLANG_ENABLE_OBJC_ARC = YES;
				CLANG_ENABLE_OBJC_WEAK = YES;
				CLANG_WARN_BLOCK_CAPTURE_AUTORELEASING = YES;
				CLANG_WARN_BOOL_CONVERSION = YES;
				CLANG_WARN_COMMA = YES;
				CLANG_WARN_CONSTANT_CONVERSION = YES;
				CLANG_WARN_DEPRECATED_OBJC_IMPLEMENTATIONS = YES;
				CLANG_WARN_DIRECT_OBJC_ISA_USAGE = YES_ERROR;
				CLANG_WARN_DOCUMENTATION_COMMENTS = YES;
				CLANG_WARN_EMPTY_BODY = YES;
				CLANG_WARN_ENUM_CONVERSION = YES;
				CLANG_WARN_INFINITE_RECURSION = YES;
				CLANG_WARN_INT_CONVERSION = YES;
				CLANG_WARN_NON_LITERAL_NULL_CONVERSION = YES;
				CLANG_WARN_OBJC_IMPLICIT_RETAIN_SELF = YES;
				CLANG_WARN_OBJC_LITERAL_CONVERSION = YES;
				CLANG_WARN_OBJC_ROOT_CLASS = YES_ERROR;
				CLANG_WARN_QUOTED_INCLUDE_IN_FRAMEWORK_HEADER = YES;
				CLANG_WARN_RANGE_LOOP_ANALYSIS = YES;
				CLANG_WARN_STRICT_PROTOTYPES = YES;
				CLANG_WARN_SUSPICIOUS_MOVE = YES;
				CLANG_WARN_UNGUARDED_AVAILABILITY = YES_AGGRESSIVE;
				CLANG_WARN_UNREACHABLE_CODE = YES;
				CLANG_WARN__DUPLICATE_METHOD_MATCH = YES;
				COPY_PHASE_STRIP = NO;
				DEBUG_INFORMATION_FORMAT = dwarf;
				ENABLE_STRICT_OBJC_MSGSEND = YES;
				ENABLE_TESTABILITY = YES;
				ENABLE_USER_SCRIPT_SANDBOXING = YES;
				GCC_C_LANGUAGE_STANDARD = gnu17;
				GCC_DYNAMIC_NO_PIC = NO;
				GCC_NO_COMMON_BLOCKS = YES;
				GCC_OPTIMIZATION_LEVEL = 0;
				GCC_PREPROCESSOR_DEFINITIONS = (
					"DEBUG=1",
					"$(inherited)",
				);
				GCC_WARN_64_TO_32_BIT_CONVERSION = YES;
				GCC_WARN_ABOUT_RETURN_TYPE = YES_ERROR;
				GCC_WARN_UNDECLARED_SELECTOR = YES;
				GCC_WARN_UNINITIALIZED_AUTOS = YES_AGGRESSIVE;
				GCC_WARN_UNUSED_FUNCTION = YES;
				GCC_WARN_UNUSED_VARIABLE = YES;
				IPHONEOS_DEPLOYMENT_TARGET = 17.0;
				LOCALIZATION_PREFERS_STRING_CATALOGS = YES;
				MTL_ENABLE_DEBUG_INFO = INCLUDE_SOURCE;
				MTL_FAST_MATH = YES;
				ONLY_ACTIVE_ARCH = YES;
				SDKROOT = iphoneos;
				SWIFT_ACTIVE_COMPILATION_CONDITIONS = "DEBUG $(inherited)";
				SWIFT_OPTIMIZATION_LEVEL = "-Onone";
			};
			name = Debug;
		};
		687670652A7674AE0074385B /* Release */ = {
			isa = XCBuildConfiguration;
			buildSettings = {
				ALWAYS_SEARCH_USER_PATHS = NO;
				ASSETCATALOG_COMPILER_GENERATE_SWIFT_ASSET_SYMBOL_EXTENSIONS = YES;
				CLANG_ANALYZER_NONNULL = YES;
				CLANG_ANALYZER_NUMBER_OBJECT_CONVERSION = YES_AGGRESSIVE;
				CLANG_CXX_LANGUAGE_STANDARD = "gnu++20";
				CLANG_ENABLE_MODULES = YES;
				CLANG_ENABLE_OBJC_ARC = YES;
				CLANG_ENABLE_OBJC_WEAK = YES;
				CLANG_WARN_BLOCK_CAPTURE_AUTORELEASING = YES;
				CLANG_WARN_BOOL_CONVERSION = YES;
				CLANG_WARN_COMMA = YES;
				CLANG_WARN_CONSTANT_CONVERSION = YES;
				CLANG_WARN_DEPRECATED_OBJC_IMPLEMENTATIONS = YES;
				CLANG_WARN_DIRECT_OBJC_ISA_USAGE = YES_ERROR;
				CLANG_WARN_DOCUMENTATION_COMMENTS = YES;
				CLANG_WARN_EMPTY_BODY = YES;
				CLANG_WARN_ENUM_CONVERSION = YES;
				CLANG_WARN_INFINITE_RECURSION = YES;
				CLANG_WARN_INT_CONVERSION = YES;
				CLANG_WARN_NON_LITERAL_NULL_CONVERSION = YES;
				CLANG_WARN_OBJC_IMPLICIT_RETAIN_SELF = YES;
				CLANG_WARN_OBJC_LITERAL_CONVERSION = YES;
				CLANG_WARN_OBJC_ROOT_CLASS = YES_ERROR;
				CLANG_WARN_QUOTED_INCLUDE_IN_FRAMEWORK_HEADER = YES;
				CLANG_WARN_RANGE_LOOP_ANALYSIS = YES;
				CLANG_WARN_STRICT_PROTOTYPES = YES;
				CLANG_WARN_SUSPICIOUS_MOVE = YES;
				CLANG_WARN_UNGUARDED_AVAILABILITY = YES_AGGRESSIVE;
				CLANG_WARN_UNREACHABLE_CODE = YES;
				CLANG_WARN__DUPLICATE_METHOD_MATCH = YES;
				COPY_PHASE_STRIP = NO;
				DEBUG_INFORMATION_FORMAT = "dwarf-with-dsym";
				ENABLE_NS_ASSERTIONS = NO;
				ENABLE_STRICT_OBJC_MSGSEND = YES;
				ENABLE_USER_SCRIPT_SANDBOXING = YES;
				GCC_C_LANGUAGE_STANDARD = gnu17;
				GCC_NO_COMMON_BLOCKS = YES;
				GCC_WARN_64_TO_32_BIT_CONVERSION = YES;
				GCC_WARN_ABOUT_RETURN_TYPE = YES_ERROR;
				GCC_WARN_UNDECLARED_SELECTOR = YES;
				GCC_WARN_UNINITIALIZED_AUTOS = YES_AGGRESSIVE;
				GCC_WARN_UNUSED_FUNCTION = YES;
				GCC_WARN_UNUSED_VARIABLE = YES;
				IPHONEOS_DEPLOYMENT_TARGET = 17.0;
				LOCALIZATION_PREFERS_STRING_CATALOGS = YES;
				MTL_ENABLE_DEBUG_INFO = NO;
				MTL_FAST_MATH = YES;
				SDKROOT = iphoneos;
				SWIFT_COMPILATION_MODE = wholemodule;
				VALIDATE_PRODUCT = YES;
			};
			name = Release;
		};
		687670672A7674AE0074385B /* Debug */ = {
			isa = XCBuildConfiguration;
			buildSettings = {
				ASSETCATALOG_COMPILER_APPICON_NAME = AppIcon;
				ASSETCATALOG_COMPILER_GLOBAL_ACCENT_COLOR_NAME = AccentColor;
				CODE_SIGN_STYLE = Automatic;
				CURRENT_PROJECT_VERSION = 1;
				DEVELOPMENT_ASSET_PATHS = "\"DailyDo/Preview Content\"";
				DEVELOPMENT_TEAM = 9Y4U7GC37R;
				ENABLE_PREVIEWS = YES;
				GENERATE_INFOPLIST_FILE = YES;
				INFOPLIST_KEY_UIApplicationSceneManifest_Generation = YES;
				INFOPLIST_KEY_UIApplicationSupportsIndirectInputEvents = YES;
				INFOPLIST_KEY_UILaunchScreen_Generation = YES;
				INFOPLIST_KEY_UISupportedInterfaceOrientations_iPad = "UIInterfaceOrientationPortrait UIInterfaceOrientationPortraitUpsideDown UIInterfaceOrientationLandscapeLeft UIInterfaceOrientationLandscapeRight";
				INFOPLIST_KEY_UISupportedInterfaceOrientations_iPhone = "UIInterfaceOrientationPortrait UIInterfaceOrientationLandscapeLeft UIInterfaceOrientationLandscapeRight";
				LD_RUNPATH_SEARCH_PATHS = (
					"$(inherited)",
					"@executable_path/Frameworks",
				);
				MARKETING_VERSION = 1.0;
				PRODUCT_BUNDLE_IDENTIFIER = com.kristianemil.DailyDo;
				PRODUCT_NAME = "$(TARGET_NAME)";
				SWIFT_EMIT_LOC_STRINGS = YES;
				SWIFT_VERSION = 5.0;
				TARGETED_DEVICE_FAMILY = "1,2";
			};
			name = Debug;
		};
		687670682A7674AE0074385B /* Release */ = {
			isa = XCBuildConfiguration;
			buildSettings = {
				ASSETCATALOG_COMPILER_APPICON_NAME = AppIcon;
				ASSETCATALOG_COMPILER_GLOBAL_ACCENT_COLOR_NAME = AccentColor;
				CODE_SIGN_STYLE = Automatic;
				CURRENT_PROJECT_VERSION = 1;
				DEVELOPMENT_ASSET_PATHS = "\"DailyDo/Preview Content\"";
				DEVELOPMENT_TEAM = 9Y4U7GC37R;
				ENABLE_PREVIEWS = YES;
				GENERATE_INFOPLIST_FILE = YES;
				INFOPLIST_KEY_UIApplicationSceneManifest_Generation = YES;
				INFOPLIST_KEY_UIApplicationSupportsIndirectInputEvents = YES;
				INFOPLIST_KEY_UILaunchScreen_Generation = YES;
				INFOPLIST_KEY_UISupportedInterfaceOrientations_iPad = "UIInterfaceOrientationPortrait UIInterfaceOrientationPortraitUpsideDown UIInterfaceOrientationLandscapeLeft UIInterfaceOrientationLandscapeRight";
				INFOPLIST_KEY_UISupportedInterfaceOrientations_iPhone = "UIInterfaceOrientationPortrait UIInterfaceOrientationLandscapeLeft UIInterfaceOrientationLandscapeRight";
				LD_RUNPATH_SEARCH_PATHS = (
					"$(inherited)",
					"@executable_path/Frameworks",
				);
				MARKETING_VERSION = 1.0;
				PRODUCT_BUNDLE_IDENTIFIER = com.kristianemil.DailyDo;
				PRODUCT_NAME = "$(TARGET_NAME)";
				SWIFT_EMIT_LOC_STRINGS = YES;
				SWIFT_VERSION = 5.0;
				TARGETED_DEVICE_FAMILY = "1,2";
			};
			name = Release;
		};
/* End XCBuildConfiguration section */

/* Begin XCConfigurationList section */
		687670532A7674AA0074385B /* Build configuration list for PBXProject "DailyDo" */ = {
			isa = XCConfigurationList;
			buildConfigurations = (
				687670642A7674AE0074385B /* Debug */,
				687670652A7674AE0074385B /* Release */,
			);
			defaultConfigurationIsVisible = 0;
			defaultConfigurationName = Release;
		};
		687670662A7674AE0074385B /* Build configuration list for PBXNativeTarget "DailyDo" */ = {
			isa = XCConfigurationList;
			buildConfigurations = (
				687670672A7674AE0074385B /* Debug */,
				687670682A7674AE0074385B /* Release */,
			);
			defaultConfigurationIsVisible = 0;
			defaultConfigurationName = Release;
		};
/* End XCConfigurationList section */

/* Begin XCVersionGroup section */
		68C429962A89207300D657A8 /* Model.xcdatamodeld */ = {
			isa = XCVersionGroup;
			children = (
				68C429972A89207300D657A8 /* Model.xcdatamodel */,
			);
			currentVersion = 68C429972A89207300D657A8 /* Model.xcdatamodel */;
			path = Model.xcdatamodeld;
			sourceTree = "<group>";
			versionGroupType = wrapper.xcdatamodel;
		};
/* End XCVersionGroup section */
	};
	rootObject = 687670502A7674AA0074385B /* Project object */;
}
