// !$*UTF8*$!
{
	archiveVersion = 1;
	classes = {
	};
	objectVersion = 56;
	objects = {

/* Begin PBXBuildFile section */
		2006A8892B27A310009DCFF0 /* ImagePicker.swift in Sources */ = {isa = PBXBuildFile; fileRef = 2006A8882B27A310009DCFF0 /* ImagePicker.swift */; };
		20144A912B48391E00912625 /* TestButtonView.swift in Sources */ = {isa = PBXBuildFile; fileRef = 20144A902B48391E00912625 /* TestButtonView.swift */; };
		68448F252A8EA7BB001DA8F7 /* DetailTodoView.swift in Sources */ = {isa = PBXBuildFile; fileRef = 68448F242A8EA7BB001DA8F7 /* DetailTodoView.swift */; };
		68448F272A8EAADE001DA8F7 /* TodoRow.swift in Sources */ = {isa = PBXBuildFile; fileRef = 68448F262A8EAADE001DA8F7 /* TodoRow.swift */; };
		687DBC9F2A94046E004AB6B5 /* ToDoSheet.swift in Sources */ = {isa = PBXBuildFile; fileRef = 687DBC9E2A94046E004AB6B5 /* ToDoSheet.swift */; };
		68861C7D2A8D711700708164 /* DailyDoApp.swift in Sources */ = {isa = PBXBuildFile; fileRef = 68861C7C2A8D711700708164 /* DailyDoApp.swift */; };
		68861C7F2A8D711700708164 /* ContentView.swift in Sources */ = {isa = PBXBuildFile; fileRef = 68861C7E2A8D711700708164 /* ContentView.swift */; };
		68861C812A8D711700708164 /* ToDo.swift in Sources */ = {isa = PBXBuildFile; fileRef = 68861C802A8D711700708164 /* ToDo.swift */; };
		68861C832A8D711B00708164 /* Assets.xcassets in Resources */ = {isa = PBXBuildFile; fileRef = 68861C822A8D711B00708164 /* Assets.xcassets */; };
		68861C862A8D711B00708164 /* Preview Assets.xcassets in Resources */ = {isa = PBXBuildFile; fileRef = 68861C852A8D711B00708164 /* Preview Assets.xcassets */; };
/* End PBXBuildFile section */

/* Begin PBXFileReference section */
		2006A8882B27A310009DCFF0 /* ImagePicker.swift */ = {isa = PBXFileReference; lastKnownFileType = sourcecode.swift; path = ImagePicker.swift; sourceTree = "<group>"; };
		20144A902B48391E00912625 /* TestButtonView.swift */ = {isa = PBXFileReference; lastKnownFileType = sourcecode.swift; path = TestButtonView.swift; sourceTree = "<group>"; };
		68448F242A8EA7BB001DA8F7 /* DetailTodoView.swift */ = {isa = PBXFileReference; lastKnownFileType = sourcecode.swift; path = DetailTodoView.swift; sourceTree = "<group>"; };
		68448F262A8EAADE001DA8F7 /* TodoRow.swift */ = {isa = PBXFileReference; lastKnownFileType = sourcecode.swift; path = TodoRow.swift; sourceTree = "<group>"; };
		687DBC9E2A94046E004AB6B5 /* ToDoSheet.swift */ = {isa = PBXFileReference; lastKnownFileType = sourcecode.swift; path = ToDoSheet.swift; sourceTree = "<group>"; };
		68861C792A8D711700708164 /* DailyDo.app */ = {isa = PBXFileReference; explicitFileType = wrapper.application; includeInIndex = 0; path = DailyDo.app; sourceTree = BUILT_PRODUCTS_DIR; };
		68861C7C2A8D711700708164 /* DailyDoApp.swift */ = {isa = PBXFileReference; lastKnownFileType = sourcecode.swift; path = DailyDoApp.swift; sourceTree = "<group>"; };
		68861C7E2A8D711700708164 /* ContentView.swift */ = {isa = PBXFileReference; lastKnownFileType = sourcecode.swift; path = ContentView.swift; sourceTree = "<group>"; };
		68861C802A8D711700708164 /* ToDo.swift */ = {isa = PBXFileReference; lastKnownFileType = sourcecode.swift; path = ToDo.swift; sourceTree = "<group>"; };
		68861C822A8D711B00708164 /* Assets.xcassets */ = {isa = PBXFileReference; lastKnownFileType = folder.assetcatalog; path = Assets.xcassets; sourceTree = "<group>"; };
		68861C852A8D711B00708164 /* Preview Assets.xcassets */ = {isa = PBXFileReference; lastKnownFileType = folder.assetcatalog; path = "Preview Assets.xcassets"; sourceTree = "<group>"; };
/* End PBXFileReference section */

/* Begin PBXFrameworksBuildPhase section */
		68861C762A8D711600708164 /* Frameworks */ = {
			isa = PBXFrameworksBuildPhase;
			buildActionMask = 2147483647;
			files = (
			);
			runOnlyForDeploymentPostprocessing = 0;
		};
/* End PBXFrameworksBuildPhase section */

/* Begin PBXGroup section */
		68448F1F2A8EA436001DA8F7 /* Model */ = {
			isa = PBXGroup;
			children = (
				68861C802A8D711700708164 /* ToDo.swift */,
			);
			path = Model;
			sourceTree = "<group>";
		};
		68861C702A8D711600708164 = {
			isa = PBXGroup;
			children = (
				68861C7B2A8D711700708164 /* DailyDo */,
				68861C7A2A8D711700708164 /* Products */,
			);
			sourceTree = "<group>";
		};
		68861C7A2A8D711700708164 /* Products */ = {
			isa = PBXGroup;
			children = (
				68861C792A8D711700708164 /* DailyDo.app */,
			);
			name = Products;
			sourceTree = "<group>";
		};
		68861C7B2A8D711700708164 /* DailyDo */ = {
			isa = PBXGroup;
			children = (
				68861C7C2A8D711700708164 /* DailyDoApp.swift */,
				68861C7E2A8D711700708164 /* ContentView.swift */,
				20144A902B48391E00912625 /* TestButtonView.swift */,
				687DBC9E2A94046E004AB6B5 /* ToDoSheet.swift */,
				2006A8882B27A310009DCFF0 /* ImagePicker.swift */,
				68448F262A8EAADE001DA8F7 /* TodoRow.swift */,
				68448F242A8EA7BB001DA8F7 /* DetailTodoView.swift */,
				68448F1F2A8EA436001DA8F7 /* Model */,
				68861C822A8D711B00708164 /* Assets.xcassets */,
				68861C842A8D711B00708164 /* Preview Content */,
			);
			path = DailyDo;
			sourceTree = "<group>";
		};
		68861C842A8D711B00708164 /* Preview Content */ = {
			isa = PBXGroup;
			children = (
				68861C852A8D711B00708164 /* Preview Assets.xcassets */,
			);
			path = "Preview Content";
			sourceTree = "<group>";
		};
/* End PBXGroup section */

/* Begin PBXNativeTarget section */
		68861C782A8D711600708164 /* DailyDo */ = {
			isa = PBXNativeTarget;
			buildConfigurationList = 68861C892A8D711B00708164 /* Build configuration list for PBXNativeTarget "DailyDo" */;
			buildPhases = (
				68861C752A8D711600708164 /* Sources */,
				68861C762A8D711600708164 /* Frameworks */,
				68861C772A8D711600708164 /* Resources */,
			);
			buildRules = (
			);
			dependencies = (
			);
			name = DailyDo;
			productName = DailyDo;
			productReference = 68861C792A8D711700708164 /* DailyDo.app */;
			productType = "com.apple.product-type.application";
		};
/* End PBXNativeTarget section */

/* Begin PBXProject section */
		68861C712A8D711600708164 /* Project object */ = {
			isa = PBXProject;
			attributes = {
				BuildIndependentTargetsInParallel = 1;
				LastSwiftUpdateCheck = 1500;
				LastUpgradeCheck = 1500;
				TargetAttributes = {
					68861C782A8D711600708164 = {
						CreatedOnToolsVersion = 15.0;
					};
				};
			};
			buildConfigurationList = 68861C742A8D711600708164 /* Build configuration list for PBXProject "DailyDo" */;
			compatibilityVersion = "Xcode 14.0";
			developmentRegion = en;
			hasScannedForEncodings = 0;
			knownRegions = (
				en,
				Base,
			);
			mainGroup = 68861C702A8D711600708164;
			productRefGroup = 68861C7A2A8D711700708164 /* Products */;
			projectDirPath = "";
			projectRoot = "";
			targets = (
				68861C782A8D711600708164 /* DailyDo */,
			);
		};
/* End PBXProject section */

/* Begin PBXResourcesBuildPhase section */
		68861C772A8D711600708164 /* Resources */ = {
			isa = PBXResourcesBuildPhase;
			buildActionMask = 2147483647;
			files = (
				68861C862A8D711B00708164 /* Preview Assets.xcassets in Resources */,
				68861C832A8D711B00708164 /* Assets.xcassets in Resources */,
			);
			runOnlyForDeploymentPostprocessing = 0;
		};
/* End PBXResourcesBuildPhase section */

/* Begin PBXSourcesBuildPhase section */
		68861C752A8D711600708164 /* Sources */ = {
			isa = PBXSourcesBuildPhase;
			buildActionMask = 2147483647;
			files = (
				68861C7F2A8D711700708164 /* ContentView.swift in Sources */,
				687DBC9F2A94046E004AB6B5 /* ToDoSheet.swift in Sources */,
				68448F272A8EAADE001DA8F7 /* TodoRow.swift in Sources */,
				2006A8892B27A310009DCFF0 /* ImagePicker.swift in Sources */,
				68861C812A8D711700708164 /* ToDo.swift in Sources */,
				68448F252A8EA7BB001DA8F7 /* DetailTodoView.swift in Sources */,
				20144A912B48391E00912625 /* TestButtonView.swift in Sources */,
				68861C7D2A8D711700708164 /* DailyDoApp.swift in Sources */,
			);
			runOnlyForDeploymentPostprocessing = 0;
		};
/* End PBXSourcesBuildPhase section */

/* Begin XCBuildConfiguration section */
		68861C872A8D711B00708164 /* Debug */ = {
			isa = XCBuildConfiguration;
			buildSettings = {
				ALWAYS_SEARCH_USER_PATHS = NO;
				ASSETCATALOG_COMPILER_GENERATE_SWIFT_ASSET_SYMBOL_EXTENSIONS = YES;
				CLANG_ANALYZER_NONNULL = YES;
				CLANG_ANALYZER_NUMBER_OBJECT_CONVERSION = YES_AGGRESSIVE;
				CLANG_CXX_LANGUAGE_STANDARD = "gnu++20";
				CLANG_ENABLE_MODULES = YES;
				CLANG_ENABLE_OBJC_ARC = YES;
				CLANG_ENABLE_OBJC_WEAK = YES;
				CLANG_WARN_BLOCK_CAPTURE_AUTORELEASING = YES;
				CLANG_WARN_BOOL_CONVERSION = YES;
				CLANG_WARN_COMMA = YES;
				CLANG_WARN_CONSTANT_CONVERSION = YES;
				CLANG_WARN_DEPRECATED_OBJC_IMPLEMENTATIONS = YES;
				CLANG_WARN_DIRECT_OBJC_ISA_USAGE = YES_ERROR;
				CLANG_WARN_DOCUMENTATION_COMMENTS = YES;
				CLANG_WARN_EMPTY_BODY = YES;
				CLANG_WARN_ENUM_CONVERSION = YES;
				CLANG_WARN_INFINITE_RECURSION = YES;
				CLANG_WARN_INT_CONVERSION = YES;
				CLANG_WARN_NON_LITERAL_NULL_CONVERSION = YES;
				CLANG_WARN_OBJC_IMPLICIT_RETAIN_SELF = YES;
				CLANG_WARN_OBJC_LITERAL_CONVERSION = YES;
				CLANG_WARN_OBJC_ROOT_CLASS = YES_ERROR;
				CLANG_WARN_QUOTED_INCLUDE_IN_FRAMEWORK_HEADER = YES;
				CLANG_WARN_RANGE_LOOP_ANALYSIS = YES;
				CLANG_WARN_STRICT_PROTOTYPES = YES;
				CLANG_WARN_SUSPICIOUS_MOVE = YES;
				CLANG_WARN_UNGUARDED_AVAILABILITY = YES_AGGRESSIVE;
				CLANG_WARN_UNREACHABLE_CODE = YES;
				CLANG_WARN__DUPLICATE_METHOD_MATCH = YES;
				COPY_PHASE_STRIP = NO;
				DEBUG_INFORMATION_FORMAT = dwarf;
				ENABLE_STRICT_OBJC_MSGSEND = YES;
				ENABLE_TESTABILITY = YES;
				ENABLE_USER_SCRIPT_SANDBOXING = YES;
				GCC_C_LANGUAGE_STANDARD = gnu17;
				GCC_DYNAMIC_NO_PIC = NO;
				GCC_NO_COMMON_BLOCKS = YES;
				GCC_OPTIMIZATION_LEVEL = 0;
				GCC_PREPROCESSOR_DEFINITIONS = (
					"DEBUG=1",
					"$(inherited)",
				);
				GCC_WARN_64_TO_32_BIT_CONVERSION = YES;
				GCC_WARN_ABOUT_RETURN_TYPE = YES_ERROR;
				GCC_WARN_UNDECLARED_SELECTOR = YES;
				GCC_WARN_UNINITIALIZED_AUTOS = YES_AGGRESSIVE;
				GCC_WARN_UNUSED_FUNCTION = YES;
				GCC_WARN_UNUSED_VARIABLE = YES;
				IPHONEOS_DEPLOYMENT_TARGET = 17.0;
				LOCALIZATION_PREFERS_STRING_CATALOGS = YES;
				MTL_ENABLE_DEBUG_INFO = INCLUDE_SOURCE;
				MTL_FAST_MATH = YES;
				ONLY_ACTIVE_ARCH = YES;
				SDKROOT = iphoneos;
				SWIFT_ACTIVE_COMPILATION_CONDITIONS = "DEBUG $(inherited)";
				SWIFT_OPTIMIZATION_LEVEL = "-Onone";
			};
			name = Debug;
		};
		68861C882A8D711B00708164 /* Release */ = {
			isa = XCBuildConfiguration;
			buildSettings = {
				ALWAYS_SEARCH_USER_PATHS = NO;
				ASSETCATALOG_COMPILER_GENERATE_SWIFT_ASSET_SYMBOL_EXTENSIONS = YES;
				CLANG_ANALYZER_NONNULL = YES;
				CLANG_ANALYZER_NUMBER_OBJECT_CONVERSION = YES_AGGRESSIVE;
				CLANG_CXX_LANGUAGE_STANDARD = "gnu++20";
				CLANG_ENABLE_MODULES = YES;
				CLANG_ENABLE_OBJC_ARC = YES;
				CLANG_ENABLE_OBJC_WEAK = YES;
				CLANG_WARN_BLOCK_CAPTURE_AUTORELEASING = YES;
				CLANG_WARN_BOOL_CONVERSION = YES;
				CLANG_WARN_COMMA = YES;
				CLANG_WARN_CONSTANT_CONVERSION = YES;
				CLANG_WARN_DEPRECATED_OBJC_IMPLEMENTATIONS = YES;
				CLANG_WARN_DIRECT_OBJC_ISA_USAGE = YES_ERROR;
				CLANG_WARN_DOCUMENTATION_COMMENTS = YES;
				CLANG_WARN_EMPTY_BODY = YES;
				CLANG_WARN_ENUM_CONVERSION = YES;
				CLANG_WARN_INFINITE_RECURSION = YES;
				CLANG_WARN_INT_CONVERSION = YES;
				CLANG_WARN_NON_LITERAL_NULL_CONVERSION = YES;
				CLANG_WARN_OBJC_IMPLICIT_RETAIN_SELF = YES;
				CLANG_WARN_OBJC_LITERAL_CONVERSION = YES;
				CLANG_WARN_OBJC_ROOT_CLASS = YES_ERROR;
				CLANG_WARN_QUOTED_INCLUDE_IN_FRAMEWORK_HEADER = YES;
				CLANG_WARN_RANGE_LOOP_ANALYSIS = YES;
				CLANG_WARN_STRICT_PROTOTYPES = YES;
				CLANG_WARN_SUSPICIOUS_MOVE = YES;
				CLANG_WARN_UNGUARDED_AVAILABILITY = YES_AGGRESSIVE;
				CLANG_WARN_UNREACHABLE_CODE = YES;
				CLANG_WARN__DUPLICATE_METHOD_MATCH = YES;
				COPY_PHASE_STRIP = NO;
				DEBUG_INFORMATION_FORMAT = "dwarf-with-dsym";
				ENABLE_NS_ASSERTIONS = NO;
				ENABLE_STRICT_OBJC_MSGSEND = YES;
				ENABLE_USER_SCRIPT_SANDBOXING = YES;
				GCC_C_LANGUAGE_STANDARD = gnu17;
				GCC_NO_COMMON_BLOCKS = YES;
				GCC_WARN_64_TO_32_BIT_CONVERSION = YES;
				GCC_WARN_ABOUT_RETURN_TYPE = YES_ERROR;
				GCC_WARN_UNDECLARED_SELECTOR = YES;
				GCC_WARN_UNINITIALIZED_AUTOS = YES_AGGRESSIVE;
				GCC_WARN_UNUSED_FUNCTION = YES;
				GCC_WARN_UNUSED_VARIABLE = YES;
				IPHONEOS_DEPLOYMENT_TARGET = 17.0;
				LOCALIZATION_PREFERS_STRING_CATALOGS = YES;
				MTL_ENABLE_DEBUG_INFO = NO;
				MTL_FAST_MATH = YES;
				SDKROOT = iphoneos;
				SWIFT_COMPILATION_MODE = wholemodule;
				VALIDATE_PRODUCT = YES;
			};
			name = Release;
		};
		68861C8A2A8D711B00708164 /* Debug */ = {
			isa = XCBuildConfiguration;
			buildSettings = {
				ASSETCATALOG_COMPILER_APPICON_NAME = AppIcon;
				ASSETCATALOG_COMPILER_GLOBAL_ACCENT_COLOR_NAME = AccentColor;
				CODE_SIGN_ENTITLEMENTS = DailyDo/DailyDo.entitlements;
				CODE_SIGN_STYLE = Automatic;
				CURRENT_PROJECT_VERSION = 1;
				DEVELOPMENT_ASSET_PATHS = "\"DailyDo/Preview Content\"";
				DEVELOPMENT_TEAM = 9Y4U7GC37R;
				ENABLE_PREVIEWS = YES;
				GENERATE_INFOPLIST_FILE = YES;
				INFOPLIST_KEY_UIApplicationSceneManifest_Generation = YES;
				INFOPLIST_KEY_UIApplicationSupportsIndirectInputEvents = YES;
				INFOPLIST_KEY_UILaunchScreen_Generation = YES;
				INFOPLIST_KEY_UISupportedInterfaceOrientations_iPad = "UIInterfaceOrientationPortrait UIInterfaceOrientationPortraitUpsideDown UIInterfaceOrientationLandscapeLeft UIInterfaceOrientationLandscapeRight";
				INFOPLIST_KEY_UISupportedInterfaceOrientations_iPhone = UIInterfaceOrientationPortrait;
				LD_RUNPATH_SEARCH_PATHS = (
					"$(inherited)",
					"@executable_path/Frameworks",
				);
				MARKETING_VERSION = 1.0;
				PRODUCT_BUNDLE_IDENTIFIER = com.kristianemil.DailyDo;
				PRODUCT_NAME = "$(TARGET_NAME)";
				SWIFT_EMIT_LOC_STRINGS = YES;
				SWIFT_VERSION = 5.0;
				TARGETED_DEVICE_FAMILY = "1,2";
			};
			name = Debug;
		};
		68861C8B2A8D711B00708164 /* Release */ = {
			isa = XCBuildConfiguration;
			buildSettings = {
				ASSETCATALOG_COMPILER_APPICON_NAME = AppIcon;
				ASSETCATALOG_COMPILER_GLOBAL_ACCENT_COLOR_NAME = AccentColor;
				CODE_SIGN_ENTITLEMENTS = DailyDo/DailyDo.entitlements;
				CODE_SIGN_STYLE = Automatic;
				CURRENT_PROJECT_VERSION = 1;
				DEVELOPMENT_ASSET_PATHS = "\"DailyDo/Preview Content\"";
				DEVELOPMENT_TEAM = 9Y4U7GC37R;
				ENABLE_PREVIEWS = YES;
				GENERATE_INFOPLIST_FILE = YES;
				INFOPLIST_KEY_UIApplicationSceneManifest_Generation = YES;
				INFOPLIST_KEY_UIApplicationSupportsIndirectInputEvents = YES;
				INFOPLIST_KEY_UILaunchScreen_Generation = YES;
				INFOPLIST_KEY_UISupportedInterfaceOrientations_iPad = "UIInterfaceOrientationPortrait UIInterfaceOrientationPortraitUpsideDown UIInterfaceOrientationLandscapeLeft UIInterfaceOrientationLandscapeRight";
				INFOPLIST_KEY_UISupportedInterfaceOrientations_iPhone = UIInterfaceOrientationPortrait;
				LD_RUNPATH_SEARCH_PATHS = (
					"$(inherited)",
					"@executable_path/Frameworks",
				);
				MARKETING_VERSION = 1.0;
				PRODUCT_BUNDLE_IDENTIFIER = com.kristianemil.DailyDo;
				PRODUCT_NAME = "$(TARGET_NAME)";
				SWIFT_EMIT_LOC_STRINGS = YES;
				SWIFT_VERSION = 5.0;
				TARGETED_DEVICE_FAMILY = "1,2";
			};
			name = Release;
		};
/* End XCBuildConfiguration section */

/* Begin XCConfigurationList section */
		68861C742A8D711600708164 /* Build configuration list for PBXProject "DailyDo" */ = {
			isa = XCConfigurationList;
			buildConfigurations = (
				68861C872A8D711B00708164 /* Debug */,
				68861C882A8D711B00708164 /* Release */,
			);
			defaultConfigurationIsVisible = 0;
			defaultConfigurationName = Release;
		};
		68861C892A8D711B00708164 /* Build configuration list for PBXNativeTarget "DailyDo" */ = {
			isa = XCConfigurationList;
			buildConfigurations = (
				68861C8A2A8D711B00708164 /* Debug */,
				68861C8B2A8D711B00708164 /* Release */,
			);
			defaultConfigurationIsVisible = 0;
			defaultConfigurationName = Release;
		};
/* End XCConfigurationList section */
	};
	rootObject = 68861C712A8D711600708164 /* Project object */;
}
